PODS:
  - Flutter (1.0.0)
  - integration_test (0.0.1):
    - Flutter
  - rust_lib_cyberclaw (0.0.1):
    - Flutter

DEPENDENCIES:
  - Flutter (from `Flutter`)
  - integration_test (from `.symlinks/plugins/integration_test/ios`)
  - rust_lib_cyberclaw (from `.symlinks/plugins/rust_lib_cyberclaw/ios`)

EXTERNAL SOURCES:
  Flutter:
    :path: Flutter
  integration_test:
    :path: ".symlinks/plugins/integration_test/ios"
  rust_lib_cyberclaw:
    :path: ".symlinks/plugins/rust_lib_cyberclaw/ios"

SPEC CHECKSUMS:
  Flutter: cabc95a1d2626b1b06e7179b784ebcf0c0cde467
  integration_test: 4a889634ef21a45d28d50d622cf412dc6d9f586e
  rust_lib_cyberclaw: 2e3162e974ef636954f281ba340f6e4f470ff587

PODFILE CHECKSUM: 3c63482e143d1b91d2d2560aee9fb04ecc74ac7e

COCOAPODS: 1.16.2
