PODS:
  - FlutterMacOS (1.0.0)
  - rust_lib_cyberclaw (0.0.1):
    - FlutterMacOS

DEPENDENCIES:
  - FlutterMacOS (from `Flutter/ephemeral`)
  - rust_lib_cyberclaw (from `Flutter/ephemeral/.symlinks/plugins/rust_lib_cyberclaw/macos`)

EXTERNAL SOURCES:
  FlutterMacOS:
    :path: Flutter/ephemeral
  rust_lib_cyberclaw:
    :path: Flutter/ephemeral/.symlinks/plugins/rust_lib_cyberclaw/macos

SPEC CHECKSUMS:
  FlutterMacOS: d0db08ddef1a9af05a5ec4b724367152bb0500b1
  rust_lib_cyberclaw: e17af76e3cb9e2ef8ffcd9beee86dea6ae92ad85

PODFILE CHECKSUM: 54d867c82ac51cbd61b565781b9fada492027009

COCOAPODS: 1.16.2
